{
  "name": "iterators",
  "version": "1.0.0",
  "lockfileVersion": 1,
  "requires": true,
  "dependencies": {
    "@types/node": {
      "version": "12.12.4",
      "resolved": "https://registry.npmjs.org/@types/node/-/node-12.12.4.tgz",
      "integrity": "sha512-tJUH7//zNZ/539DH4cgZS3NsmW0b9ShDeRBzoCEMCEAlHn5WHUghOfHdycvpo4RCxxEPmQ3WfjDogh+DCCvuSg=="
    },
    "@types/node-fetch": {
      "version": "2.5.3",
      "resolved": "https://registry.npmjs.org/@types/node-fetch/-/node-fetch-2.5.3.tgz",
      "integrity": "sha512-X3TNlzZ7SuSwZsMkb5fV7GrPbVKvHc2iwHmslb8bIxRKWg2iqkfm3F/Wd79RhDpOXR7wCtKAwc5Y2JE6n/ibyw==",
      "requires": {
        "@types/node": "*"
      }
    },
    "node-fetch": {
      "version": "2.6.0",
      "resolved": "https://registry.npmjs.org/node-fetch/-/node-fetch-2.6.0.tgz",
      "integrity": "sha512-8dG4H5ujfvFiqDmVu9fQ5bOHUC15JMjMY/Zumv26oOvvVJjM67KF8koCWIabKQ1GJIa9r2mMZscBq/TbdOcmNA=="
    }
  }
}
